
Microsoft Visual Studio Solution File, Format Version 12.00
# Visual Studio 15
VisualStudioVersion = 15.0.28307.1259
MinimumVisualStudioVersion = 10.0.40219.1
Project("{FAE04EC0-301F-11D3-BF4B-00C04F79EFBC}") = "StockHouse", "StockHouse\StockHouse.csproj", "{3301BAA3-76C4-4B44-8C67-BD848DCB86ED}"
EndProject
Project("{FAE04EC0-301F-11D3-BF4B-00C04F79EFBC}") = "StockHouse.Tests", "StockHouse.Tests\StockHouse.Tests.csproj", "{21194A06-5224-4E8E-A876-78FE06FF90EF}"
EndProject
Global
	GlobalSection(SolutionConfigurationPlatforms) = preSolution
		Debug|Any CPU = Debug|Any CPU
		Release|Any CPU = Release|Any CPU
	EndGlobalSection
	GlobalSection(ProjectConfigurationPlatforms) = postSolution
		{3301BAA3-76C4-4B44-8C67-BD848DCB86ED}.Debug|Any CPU.ActiveCfg = Debug|Any CPU
		{3301BAA3-76C4-4B44-8C67-BD848DCB86ED}.Debug|Any CPU.Build.0 = Debug|Any CPU
		{3301BAA3-76C4-4B44-8C67-BD848DCB86ED}.Release|Any CPU.ActiveCfg = Release|Any CPU
		{3301BAA3-76C4-4B44-8C67-BD848DCB86ED}.Release|Any CPU.Build.0 = Release|Any CPU
		{21194A06-5224-4E8E-A876-78FE06FF90EF}.Debug|Any CPU.ActiveCfg = Debug|Any CPU
		{21194A06-5224-4E8E-A876-78FE06FF90EF}.Debug|Any CPU.Build.0 = Debug|Any CPU
		{21194A06-5224-4E8E-A876-78FE06FF90EF}.Release|Any CPU.ActiveCfg = Release|Any CPU
		{21194A06-5224-4E8E-A876-78FE06FF90EF}.Release|Any CPU.Build.0 = Release|Any CPU
	EndGlobalSection
	GlobalSection(SolutionProperties) = preSolution
		HideSolutionNode = FALSE
	EndGlobalSection
	GlobalSection(ExtensibilityGlobals) = postSolution
		SolutionGuid = {B59F91E9-B5D6-4DC3-B341-ECE1ECC605E2}
	EndGlobalSection
EndGlobal
